
Microsoft Visual Studio Solution File, Format Version 12.00
# Visual Studio Version 16
VisualStudioVersion = 16.0.30309.148
MinimumVisualStudioVersion = 10.0.40219.1
Project("{FAE04EC0-301F-11D3-BF4B-00C04F79EFBC}") = "COMP123-M2020-Lesson12-Part2", "COMP123-M2020-Lesson12-Part2\COMP123-M2020-Lesson12-Part2.csproj", "{AF2640DB-7D80-4C5C-A5E6-35F5EB2D73CA}"
EndProject
Global
	GlobalSection(SolutionConfigurationPlatforms) = preSolution
		Debug|Any CPU = Debug|Any CPU
		Release|Any CPU = Release|Any CPU
	EndGlobalSection
	GlobalSection(ProjectConfigurationPlatforms) = postSolution
		{AF2640DB-7D80-4C5C-A5E6-35F5EB2D73CA}.Debug|Any CPU.ActiveCfg = Debug|Any CPU
		{AF2640DB-7D80-4C5C-A5E6-35F5EB2D73CA}.Debug|Any CPU.Build.0 = Debug|Any CPU
		{AF2640DB-7D80-4C5C-A5E6-35F5EB2D73CA}.Release|Any CPU.ActiveCfg = Release|Any CPU
		{AF2640DB-7D80-4C5C-A5E6-35F5EB2D73CA}.Release|Any CPU.Build.0 = Release|Any CPU
	EndGlobalSection
	GlobalSection(SolutionProperties) = preSolution
		HideSolutionNode = FALSE
	EndGlobalSection
	GlobalSection(ExtensibilityGlobals) = postSolution
		SolutionGuid = {DCD05618-93FF-41D0-9E7E-6C8096E15DE7}
	EndGlobalSection
EndGlobal
